
Microsoft Visual Studio Solution File, Format Version 12.00
# Visual Studio Version 17
VisualStudioVersion = 17.10.34916.146
MinimumVisualStudioVersion = 10.0.40219.1
Project("{FAE04EC0-301F-11D3-BF4B-00C04F79EFBC}") = "HomeBankingMinHub", "HomeBankingMinHub.csproj", "{AF059775-631A-4941-A2DD-B37C4D362F26}"
EndProject
Global
	GlobalSection(SolutionConfigurationPlatforms) = preSolution
		Debug|Any CPU = Debug|Any CPU
		Release|Any CPU = Release|Any CPU
	EndGlobalSection
	GlobalSection(ProjectConfigurationPlatforms) = postSolution
		{AF059775-631A-4941-A2DD-B37C4D362F26}.Debug|Any CPU.ActiveCfg = Debug|Any CPU
		{AF059775-631A-4941-A2DD-B37C4D362F26}.Debug|Any CPU.Build.0 = Debug|Any CPU
		{AF059775-631A-4941-A2DD-B37C4D362F26}.Release|Any CPU.ActiveCfg = Release|Any CPU
		{AF059775-631A-4941-A2DD-B37C4D362F26}.Release|Any CPU.Build.0 = Release|Any CPU
	EndGlobalSection
	GlobalSection(SolutionProperties) = preSolution
		HideSolutionNode = FALSE
	EndGlobalSection
	GlobalSection(ExtensibilityGlobals) = postSolution
		SolutionGuid = {842FDF57-A744-4E25-97C9-2D52244939A8}
	EndGlobalSection
EndGlobal
